
Microsoft Visual Studio Solution File, Format Version 12.00
# Visual Studio Version 16
VisualStudioVersion = 16.0.30517.126
MinimumVisualStudioVersion = 10.0.40219.1
Project("{FAE04EC0-301F-11D3-BF4B-00C04F79EFBC}") = "Homework_Task1", "Homework_Task1.csproj", "{BED73233-B4AA-47F1-B010-456C12B82614}"
EndProject
Global
	GlobalSection(SolutionConfigurationPlatforms) = preSolution
		Debug|Any CPU = Debug|Any CPU
		Release|Any CPU = Release|Any CPU
	EndGlobalSection
	GlobalSection(ProjectConfigurationPlatforms) = postSolution
		{BED73233-B4AA-47F1-B010-456C12B82614}.Debug|Any CPU.ActiveCfg = Debug|Any CPU
		{BED73233-B4AA-47F1-B010-456C12B82614}.Debug|Any CPU.Build.0 = Debug|Any CPU
		{BED73233-B4AA-47F1-B010-456C12B82614}.Release|Any CPU.ActiveCfg = Release|Any CPU
		{BED73233-B4AA-47F1-B010-456C12B82614}.Release|Any CPU.Build.0 = Release|Any CPU
	EndGlobalSection
	GlobalSection(SolutionProperties) = preSolution
		HideSolutionNode = FALSE
	EndGlobalSection
	GlobalSection(ExtensibilityGlobals) = postSolution
		SolutionGuid = {A17B9A2A-B15C-4B26-A4B5-AE54FEF7F3FA}
	EndGlobalSection
EndGlobal
