
Microsoft Visual Studio Solution File, Format Version 12.00
# Visual Studio Version 16
VisualStudioVersion = 16.0.30517.126
MinimumVisualStudioVersion = 10.0.40219.1
Project("{FAE04EC0-301F-11D3-BF4B-00C04F79EFBC}") = "Homework_3_Range", "Homework_3_Range.csproj", "{37DD427A-CFDA-41C3-94D5-A98B84660194}"
EndProject
Global
	GlobalSection(SolutionConfigurationPlatforms) = preSolution
		Debug|Any CPU = Debug|Any CPU
		Release|Any CPU = Release|Any CPU
	EndGlobalSection
	GlobalSection(ProjectConfigurationPlatforms) = postSolution
		{37DD427A-CFDA-41C3-94D5-A98B84660194}.Debug|Any CPU.ActiveCfg = Debug|Any CPU
		{37DD427A-CFDA-41C3-94D5-A98B84660194}.Debug|Any CPU.Build.0 = Debug|Any CPU
		{37DD427A-CFDA-41C3-94D5-A98B84660194}.Release|Any CPU.ActiveCfg = Release|Any CPU
		{37DD427A-CFDA-41C3-94D5-A98B84660194}.Release|Any CPU.Build.0 = Release|Any CPU
	EndGlobalSection
	GlobalSection(SolutionProperties) = preSolution
		HideSolutionNode = FALSE
	EndGlobalSection
	GlobalSection(ExtensibilityGlobals) = postSolution
		SolutionGuid = {D393E407-05C9-4386-90A4-B66F579891EF}
	EndGlobalSection
EndGlobal
