
Microsoft Visual Studio Solution File, Format Version 12.00
# Visual Studio Version 16
VisualStudioVersion = 16.0.30503.244
MinimumVisualStudioVersion = 10.0.40219.1
Project("{FAE04EC0-301F-11D3-BF4B-00C04F79EFBC}") = "Work_1", "Work_1.csproj", "{29E4DBA0-82F5-4370-A6B0-2AC1AE7E45E1}"
EndProject
Global
	GlobalSection(SolutionConfigurationPlatforms) = preSolution
		Debug|Any CPU = Debug|Any CPU
		Release|Any CPU = Release|Any CPU
	EndGlobalSection
	GlobalSection(ProjectConfigurationPlatforms) = postSolution
		{29E4DBA0-82F5-4370-A6B0-2AC1AE7E45E1}.Debug|Any CPU.ActiveCfg = Debug|Any CPU
		{29E4DBA0-82F5-4370-A6B0-2AC1AE7E45E1}.Debug|Any CPU.Build.0 = Debug|Any CPU
		{29E4DBA0-82F5-4370-A6B0-2AC1AE7E45E1}.Release|Any CPU.ActiveCfg = Release|Any CPU
		{29E4DBA0-82F5-4370-A6B0-2AC1AE7E45E1}.Release|Any CPU.Build.0 = Release|Any CPU
	EndGlobalSection
	GlobalSection(SolutionProperties) = preSolution
		HideSolutionNode = FALSE
	EndGlobalSection
	GlobalSection(ExtensibilityGlobals) = postSolution
		SolutionGuid = {F9AB2644-B9A4-45A9-BF96-6BD647BE8B2F}
	EndGlobalSection
EndGlobal
